{
  "name": "MERN Project",
  "lockfileVersion": 3,
  "requires": true,
  "packages": {
    "": {
      "dependencies": {
        "@fontsource/open-sans": "^5.0.21",
        "@fontsource/poppins": "^5.0.8"
      }
    },
    "node_modules/@fontsource/open-sans": {
      "version": "5.0.21",
      "resolved": "https://registry.npmjs.org/@fontsource/open-sans/-/open-sans-5.0.21.tgz",
      "integrity": "sha512-KzSsxQPZ6ONosDMsEvkOASzgZX1il47uvlPTKidQLeQEvlw8OQc9ZvBch3LoxEbD9joUL35WFhOmWe29dIrviQ=="
    },
    "node_modules/@fontsource/poppins": {
      "version": "5.0.8",
      "resolved": "https://registry.npmjs.org/@fontsource/poppins/-/poppins-5.0.8.tgz",
      "integrity": "sha512-P8owfYWluoUY5Nyzk4gT/L6LmLmseP6ezFWhj6VBUa5pRIdnCvNJpoQ6i/vhekjtJOfqX6nKlB+LCttoUl2GQQ=="
    }
  }
}
